
Microsoft Visual Studio Solution File, Format Version 12.00
# Visual Studio 15
VisualStudioVersion = 15.0.27004.2009
MinimumVisualStudioVersion = 10.0.40219.1
Project("{FAE04EC0-301F-11D3-BF4B-00C04F79EFBC}") = "NP.Roxy", "NP.Roxy\NP.Roxy.csproj", "{A8EBD3F9-D0B9-4ACC-A700-27D1914B6922}"
EndProject
Project("{2150E333-8FDC-42A3-9474-1A3956D46DE8}") = "TESTS", "TESTS", "{01049369-4FD0-43FF-ABE9-4CD2F273DF6F}"
EndProject
Project("{FAE04EC0-301F-11D3-BF4B-00C04F79EFBC}") = "TestProj", "TESTS\TestProj\TestProj.csproj", "{BE31A912-9B89-41D5-A4F3-9B65D8BD3553}"
EndProject
Project("{2150E333-8FDC-42A3-9474-1A3956D46DE8}") = "RoxyTests", "RoxyTests", "{0EF76EAE-D24B-4F8E-B4AB-F0D43E17FE71}"
EndProject
Project("{FAE04EC0-301F-11D3-BF4B-00C04F79EFBC}") = "NP.Roxy.InterfaceImplTest", "TESTS\RoxyTest\NP.Roxy.InterfaceImplTest\NP.Roxy.InterfaceImplTest.csproj", "{C2018DDB-CE76-4EDB-8650-EB4153B4F391}"
EndProject
Project("{FAE04EC0-301F-11D3-BF4B-00C04F79EFBC}") = "NP.Roxy.SelectableDataTest", "TESTS\RoxyTest\NP.Roxy.SelectableDataTest\NP.Roxy.SelectableDataTest.csproj", "{61C00073-DCA8-4D88-9777-9CC4CD7DA713}"
EndProject
Project("{FAE04EC0-301F-11D3-BF4B-00C04F79EFBC}") = "NP.Roxy.Tests.RemovableDataCollectionTest", "TESTS\RoxyTest\NP.Roxy.Tests.RemovableDataCollectionTest\NP.Roxy.Tests.RemovableDataCollectionTest.csproj", "{B0D36E83-1373-4F1D-9166-24FE2CD24DCA}"
EndProject
Project("{FAE04EC0-301F-11D3-BF4B-00C04F79EFBC}") = "NP.Roxy.TypeImplTest", "TESTS\RoxyTest\NP.Roxy.Tests.TypeImplTest\NP.Roxy.TypeImplTest.csproj", "{019F8CEF-B33B-4C69-9122-43AE3FC57068}"
EndProject
Project("{FAE04EC0-301F-11D3-BF4B-00C04F79EFBC}") = "NP.Roxy.Tests.ComplexTypeImplTest", "TESTS\RoxyTest\NP.Roxy.Tests.ComplexTypeImplTest\NP.Roxy.Tests.ComplexTypeImplTest.csproj", "{3B4581A2-D4FA-4C6F-8194-620D8DA8A617}"
EndProject
Project("{FAE04EC0-301F-11D3-BF4B-00C04F79EFBC}") = "NP.Roxy.Tests.EmbeddingConcretization", "TESTS\RoxyTest\NP.Roxy.Tests.EmbeddingConcretization\NP.Roxy.Tests.EmbeddingConcretization.csproj", "{ABF326C9-A90B-4305-9DDE-4BFAAFA74F64}"
EndProject
Project("{FAE04EC0-301F-11D3-BF4B-00C04F79EFBC}") = "NP.Roxy.Tests.OverridingVirtualsTest", "TESTS\RoxyTest\NP.Roxy.Tests.OverridingVirtualsTest\NP.Roxy.Tests.OverridingVirtualsTest.csproj", "{C7237005-78AC-4953-8347-50C4AC78BA28}"
EndProject
Project("{FAE04EC0-301F-11D3-BF4B-00C04F79EFBC}") = "NP.Roxy.Tests.NonPublicMembers", "TESTS\RoxyTest\NP.Roxy.Tests.NonPublicMembers\NP.Roxy.Tests.NonPublicMembers.csproj", "{88866804-7CA5-412F-893F-3DDF0871D6E6}"
EndProject
Project("{FAE04EC0-301F-11D3-BF4B-00C04F79EFBC}") = "NP.Roxy.Tests.StaticMethods", "TESTS\RoxyTest\NP.Roxy.Tests.StaticMethods\NP.Roxy.Tests.StaticMethods.csproj", "{A8279E19-F825-4E34-BB0E-D5A66076EFDE}"
EndProject
Project("{FAE04EC0-301F-11D3-BF4B-00C04F79EFBC}") = "NP.Utilities", "NP.Utilities\NP.Utilities.csproj", "{503D6544-570D-4E07-9101-0F574624CB49}"
EndProject
Project("{2150E333-8FDC-42A3-9474-1A3956D46DE8}") = "Demos", "Demos", "{236C19D0-2D7D-4F05-B915-A4EEE892B0A7}"
EndProject
Project("{FAE04EC0-301F-11D3-BF4B-00C04F79EFBC}") = "NP.Roxy.Demos.InterfaceImpl", "TESTS\Demos\NP.Roxy.Demos.InterfaceImpl\NP.Roxy.Demos.InterfaceImpl.csproj", "{74F87CCF-9CC8-498E-B17F-15429C420FAB}"
EndProject
Project("{FAE04EC0-301F-11D3-BF4B-00C04F79EFBC}") = "NP.Roxy.Demos.PropChangedInterfaceImpl", "TESTS\Demos\NP.Roxy.Demos.PropChangedInterfaceImpl\NP.Roxy.Demos.PropChangedInterfaceImpl.csproj", "{440BAFD5-AD39-49E0-AC2A-E803F9C5A2A5}"
EndProject
Project("{FAE04EC0-301F-11D3-BF4B-00C04F79EFBC}") = "NP.Roxy.Demos.Wrappers", "TESTS\Demos\NP.Roxy.Demos.Wrappers\NP.Roxy.Demos.Wrappers.csproj", "{B5D014DE-8C67-4763-BB49-776476AC3B2D}"
EndProject
Project("{FAE04EC0-301F-11D3-BF4B-00C04F79EFBC}") = "NP.Roxy.Demos.EnumToInterface", "TESTS\Demos\NP.Roxy.Demos.EnumToInterface\NP.Roxy.Demos.EnumToInterface.csproj", "{0F9859D5-B29A-4E54-B5A0-67952B0D7BA2}"
EndProject
Project("{2150E333-8FDC-42A3-9474-1A3956D46DE8}") = "Concerns", "Concerns", "{76873D2C-C05E-4EA5-A997-AA438BB23516}"
EndProject
Project("{FAE04EC0-301F-11D3-BF4B-00C04F79EFBC}") = "MultiConcernsRoxyTest", "TESTS\Concerns\MultiConcernsRoxyTest\MultiConcernsRoxyTest.csproj", "{5504B971-B4E9-406E-87B0-A94895627C29}"
EndProject
Project("{2150E333-8FDC-42A3-9474-1A3956D46DE8}") = "StrongTypes", "StrongTypes", "{3894394A-5D8B-4639-AB3F-6FB803B86A37}"
EndProject
Project("{FAE04EC0-301F-11D3-BF4B-00C04F79EFBC}") = "NP.Roxy.StrongTypeEnumTest", "TESTS\StrongTypes\NP.Roxy.StrongTypeEnumTest\NP.Roxy.StrongTypeEnumTest.csproj", "{39450BE9-E6E5-45E9-BD64-25EC79697315}"
EndProject
Project("{FAE04EC0-301F-11D3-BF4B-00C04F79EFBC}") = "NP.Roxy.StrongTypeMethodTest", "TESTS\StrongTypes\NP.Roxy.StrongTypeMethodTest\NP.Roxy.StrongTypeMethodTest.csproj", "{19E8CF58-342F-4A57-8413-A1D618B238B9}"
EndProject
Project("{FAE04EC0-301F-11D3-BF4B-00C04F79EFBC}") = "NP.Roxy.CompositeGetters", "TESTS\StrongTypes\NP.Roxy.CompositeGetters\NP.Roxy.CompositeGetters.csproj", "{CDBCADC1-0D1D-4FB0-B2DA-CCADF5414DA0}"
EndProject
Project("{FAE04EC0-301F-11D3-BF4B-00C04F79EFBC}") = "NP.Roxy.MethodOverloadingTest", "TESTS\StrongTypes\NP.Roxy.MethodOverloadingTest\NP.Roxy.MethodOverloadingTest.csproj", "{61864132-7AB3-4C47-ABC6-10A35161CE61}"
EndProject
Project("{2150E333-8FDC-42A3-9474-1A3956D46DE8}") = "IoCTests", "IoCTests", "{8A00C1AC-23EC-4014-84CA-553A3B38D991}"
EndProject
Project("{FAE04EC0-301F-11D3-BF4B-00C04F79EFBC}") = "NP.Roxy.AttrTest", "TESTS\IoCTests\NP.Roxy.AttrTest\NP.Roxy.AttrTest.csproj", "{5585D1E1-942E-4153-92D7-1FF65E93421C}"
EndProject
Project("{FAE04EC0-301F-11D3-BF4B-00C04F79EFBC}") = "NP.Roxy.WrapperIntefaceGeneration", "TESTS\IoCTests\NP.Roxy.WrapperIntefaceGeneration\NP.Roxy.WrapperIntefaceGeneration.csproj", "{58831993-3605-45D9-8775-C5DD30B5A7C8}"
EndProject
Global
	GlobalSection(SolutionConfigurationPlatforms) = preSolution
		Debug|Any CPU = Debug|Any CPU
		Release|Any CPU = Release|Any CPU
	EndGlobalSection
	GlobalSection(ProjectConfigurationPlatforms) = postSolution
		{A8EBD3F9-D0B9-4ACC-A700-27D1914B6922}.Debug|Any CPU.ActiveCfg = Debug|Any CPU
		{A8EBD3F9-D0B9-4ACC-A700-27D1914B6922}.Debug|Any CPU.Build.0 = Debug|Any CPU
		{A8EBD3F9-D0B9-4ACC-A700-27D1914B6922}.Release|Any CPU.ActiveCfg = Release|Any CPU
		{A8EBD3F9-D0B9-4ACC-A700-27D1914B6922}.Release|Any CPU.Build.0 = Release|Any CPU
		{BE31A912-9B89-41D5-A4F3-9B65D8BD3553}.Debug|Any CPU.ActiveCfg = Debug|Any CPU
		{BE31A912-9B89-41D5-A4F3-9B65D8BD3553}.Debug|Any CPU.Build.0 = Debug|Any CPU
		{BE31A912-9B89-41D5-A4F3-9B65D8BD3553}.Release|Any CPU.ActiveCfg = Release|Any CPU
		{BE31A912-9B89-41D5-A4F3-9B65D8BD3553}.Release|Any CPU.Build.0 = Release|Any CPU
		{C2018DDB-CE76-4EDB-8650-EB4153B4F391}.Debug|Any CPU.ActiveCfg = Debug|Any CPU
		{C2018DDB-CE76-4EDB-8650-EB4153B4F391}.Debug|Any CPU.Build.0 = Debug|Any CPU
		{C2018DDB-CE76-4EDB-8650-EB4153B4F391}.Release|Any CPU.ActiveCfg = Release|Any CPU
		{C2018DDB-CE76-4EDB-8650-EB4153B4F391}.Release|Any CPU.Build.0 = Release|Any CPU
		{61C00073-DCA8-4D88-9777-9CC4CD7DA713}.Debug|Any CPU.ActiveCfg = Debug|Any CPU
		{61C00073-DCA8-4D88-9777-9CC4CD7DA713}.Debug|Any CPU.Build.0 = Debug|Any CPU
		{61C00073-DCA8-4D88-9777-9CC4CD7DA713}.Release|Any CPU.ActiveCfg = Release|Any CPU
		{61C00073-DCA8-4D88-9777-9CC4CD7DA713}.Release|Any CPU.Build.0 = Release|Any CPU
		{B0D36E83-1373-4F1D-9166-24FE2CD24DCA}.Debug|Any CPU.ActiveCfg = Debug|Any CPU
		{B0D36E83-1373-4F1D-9166-24FE2CD24DCA}.Debug|Any CPU.Build.0 = Debug|Any CPU
		{B0D36E83-1373-4F1D-9166-24FE2CD24DCA}.Release|Any CPU.ActiveCfg = Release|Any CPU
		{B0D36E83-1373-4F1D-9166-24FE2CD24DCA}.Release|Any CPU.Build.0 = Release|Any CPU
		{019F8CEF-B33B-4C69-9122-43AE3FC57068}.Debug|Any CPU.ActiveCfg = Debug|Any CPU
		{019F8CEF-B33B-4C69-9122-43AE3FC57068}.Debug|Any CPU.Build.0 = Debug|Any CPU
		{019F8CEF-B33B-4C69-9122-43AE3FC57068}.Release|Any CPU.ActiveCfg = Release|Any CPU
		{019F8CEF-B33B-4C69-9122-43AE3FC57068}.Release|Any CPU.Build.0 = Release|Any CPU
		{3B4581A2-D4FA-4C6F-8194-620D8DA8A617}.Debug|Any CPU.ActiveCfg = Debug|Any CPU
		{3B4581A2-D4FA-4C6F-8194-620D8DA8A617}.Debug|Any CPU.Build.0 = Debug|Any CPU
		{3B4581A2-D4FA-4C6F-8194-620D8DA8A617}.Release|Any CPU.ActiveCfg = Release|Any CPU
		{3B4581A2-D4FA-4C6F-8194-620D8DA8A617}.Release|Any CPU.Build.0 = Release|Any CPU
		{ABF326C9-A90B-4305-9DDE-4BFAAFA74F64}.Debug|Any CPU.ActiveCfg = Debug|Any CPU
		{ABF326C9-A90B-4305-9DDE-4BFAAFA74F64}.Debug|Any CPU.Build.0 = Debug|Any CPU
		{ABF326C9-A90B-4305-9DDE-4BFAAFA74F64}.Release|Any CPU.ActiveCfg = Release|Any CPU
		{ABF326C9-A90B-4305-9DDE-4BFAAFA74F64}.Release|Any CPU.Build.0 = Release|Any CPU
		{C7237005-78AC-4953-8347-50C4AC78BA28}.Debug|Any CPU.ActiveCfg = Debug|Any CPU
		{C7237005-78AC-4953-8347-50C4AC78BA28}.Debug|Any CPU.Build.0 = Debug|Any CPU
		{C7237005-78AC-4953-8347-50C4AC78BA28}.Release|Any CPU.ActiveCfg = Release|Any CPU
		{C7237005-78AC-4953-8347-50C4AC78BA28}.Release|Any CPU.Build.0 = Release|Any CPU
		{88866804-7CA5-412F-893F-3DDF0871D6E6}.Debug|Any CPU.ActiveCfg = Debug|Any CPU
		{88866804-7CA5-412F-893F-3DDF0871D6E6}.Debug|Any CPU.Build.0 = Debug|Any CPU
		{88866804-7CA5-412F-893F-3DDF0871D6E6}.Release|Any CPU.ActiveCfg = Release|Any CPU
		{88866804-7CA5-412F-893F-3DDF0871D6E6}.Release|Any CPU.Build.0 = Release|Any CPU
		{A8279E19-F825-4E34-BB0E-D5A66076EFDE}.Debug|Any CPU.ActiveCfg = Debug|Any CPU
		{A8279E19-F825-4E34-BB0E-D5A66076EFDE}.Debug|Any CPU.Build.0 = Debug|Any CPU
		{A8279E19-F825-4E34-BB0E-D5A66076EFDE}.Release|Any CPU.ActiveCfg = Release|Any CPU
		{A8279E19-F825-4E34-BB0E-D5A66076EFDE}.Release|Any CPU.Build.0 = Release|Any CPU
		{503D6544-570D-4E07-9101-0F574624CB49}.Debug|Any CPU.ActiveCfg = Debug|Any CPU
		{503D6544-570D-4E07-9101-0F574624CB49}.Debug|Any CPU.Build.0 = Debug|Any CPU
		{503D6544-570D-4E07-9101-0F574624CB49}.Release|Any CPU.ActiveCfg = Release|Any CPU
		{503D6544-570D-4E07-9101-0F574624CB49}.Release|Any CPU.Build.0 = Release|Any CPU
		{74F87CCF-9CC8-498E-B17F-15429C420FAB}.Debug|Any CPU.ActiveCfg = Debug|Any CPU
		{74F87CCF-9CC8-498E-B17F-15429C420FAB}.Debug|Any CPU.Build.0 = Debug|Any CPU
		{74F87CCF-9CC8-498E-B17F-15429C420FAB}.Release|Any CPU.ActiveCfg = Release|Any CPU
		{74F87CCF-9CC8-498E-B17F-15429C420FAB}.Release|Any CPU.Build.0 = Release|Any CPU
		{440BAFD5-AD39-49E0-AC2A-E803F9C5A2A5}.Debug|Any CPU.ActiveCfg = Debug|Any CPU
		{440BAFD5-AD39-49E0-AC2A-E803F9C5A2A5}.Debug|Any CPU.Build.0 = Debug|Any CPU
		{440BAFD5-AD39-49E0-AC2A-E803F9C5A2A5}.Release|Any CPU.ActiveCfg = Release|Any CPU
		{440BAFD5-AD39-49E0-AC2A-E803F9C5A2A5}.Release|Any CPU.Build.0 = Release|Any CPU
		{B5D014DE-8C67-4763-BB49-776476AC3B2D}.Debug|Any CPU.ActiveCfg = Debug|Any CPU
		{B5D014DE-8C67-4763-BB49-776476AC3B2D}.Debug|Any CPU.Build.0 = Debug|Any CPU
		{B5D014DE-8C67-4763-BB49-776476AC3B2D}.Release|Any CPU.ActiveCfg = Release|Any CPU
		{B5D014DE-8C67-4763-BB49-776476AC3B2D}.Release|Any CPU.Build.0 = Release|Any CPU
		{0F9859D5-B29A-4E54-B5A0-67952B0D7BA2}.Debug|Any CPU.ActiveCfg = Debug|Any CPU
		{0F9859D5-B29A-4E54-B5A0-67952B0D7BA2}.Debug|Any CPU.Build.0 = Debug|Any CPU
		{0F9859D5-B29A-4E54-B5A0-67952B0D7BA2}.Release|Any CPU.ActiveCfg = Release|Any CPU
		{0F9859D5-B29A-4E54-B5A0-67952B0D7BA2}.Release|Any CPU.Build.0 = Release|Any CPU
		{5504B971-B4E9-406E-87B0-A94895627C29}.Debug|Any CPU.ActiveCfg = Debug|Any CPU
		{5504B971-B4E9-406E-87B0-A94895627C29}.Debug|Any CPU.Build.0 = Debug|Any CPU
		{5504B971-B4E9-406E-87B0-A94895627C29}.Release|Any CPU.ActiveCfg = Release|Any CPU
		{5504B971-B4E9-406E-87B0-A94895627C29}.Release|Any CPU.Build.0 = Release|Any CPU
		{39450BE9-E6E5-45E9-BD64-25EC79697315}.Debug|Any CPU.ActiveCfg = Debug|Any CPU
		{39450BE9-E6E5-45E9-BD64-25EC79697315}.Debug|Any CPU.Build.0 = Debug|Any CPU
		{39450BE9-E6E5-45E9-BD64-25EC79697315}.Release|Any CPU.ActiveCfg = Release|Any CPU
		{39450BE9-E6E5-45E9-BD64-25EC79697315}.Release|Any CPU.Build.0 = Release|Any CPU
		{19E8CF58-342F-4A57-8413-A1D618B238B9}.Debug|Any CPU.ActiveCfg = Debug|Any CPU
		{19E8CF58-342F-4A57-8413-A1D618B238B9}.Debug|Any CPU.Build.0 = Debug|Any CPU
		{19E8CF58-342F-4A57-8413-A1D618B238B9}.Release|Any CPU.ActiveCfg = Release|Any CPU
		{19E8CF58-342F-4A57-8413-A1D618B238B9}.Release|Any CPU.Build.0 = Release|Any CPU
		{CDBCADC1-0D1D-4FB0-B2DA-CCADF5414DA0}.Debug|Any CPU.ActiveCfg = Debug|Any CPU
		{CDBCADC1-0D1D-4FB0-B2DA-CCADF5414DA0}.Debug|Any CPU.Build.0 = Debug|Any CPU
		{CDBCADC1-0D1D-4FB0-B2DA-CCADF5414DA0}.Release|Any CPU.ActiveCfg = Release|Any CPU
		{CDBCADC1-0D1D-4FB0-B2DA-CCADF5414DA0}.Release|Any CPU.Build.0 = Release|Any CPU
		{61864132-7AB3-4C47-ABC6-10A35161CE61}.Debug|Any CPU.ActiveCfg = Debug|Any CPU
		{61864132-7AB3-4C47-ABC6-10A35161CE61}.Debug|Any CPU.Build.0 = Debug|Any CPU
		{61864132-7AB3-4C47-ABC6-10A35161CE61}.Release|Any CPU.ActiveCfg = Release|Any CPU
		{61864132-7AB3-4C47-ABC6-10A35161CE61}.Release|Any CPU.Build.0 = Release|Any CPU
		{5585D1E1-942E-4153-92D7-1FF65E93421C}.Debug|Any CPU.ActiveCfg = Debug|Any CPU
		{5585D1E1-942E-4153-92D7-1FF65E93421C}.Debug|Any CPU.Build.0 = Debug|Any CPU
		{5585D1E1-942E-4153-92D7-1FF65E93421C}.Release|Any CPU.ActiveCfg = Release|Any CPU
		{5585D1E1-942E-4153-92D7-1FF65E93421C}.Release|Any CPU.Build.0 = Release|Any CPU
		{58831993-3605-45D9-8775-C5DD30B5A7C8}.Debug|Any CPU.ActiveCfg = Debug|Any CPU
		{58831993-3605-45D9-8775-C5DD30B5A7C8}.Debug|Any CPU.Build.0 = Debug|Any CPU
		{58831993-3605-45D9-8775-C5DD30B5A7C8}.Release|Any CPU.ActiveCfg = Release|Any CPU
		{58831993-3605-45D9-8775-C5DD30B5A7C8}.Release|Any CPU.Build.0 = Release|Any CPU
	EndGlobalSection
	GlobalSection(SolutionProperties) = preSolution
		HideSolutionNode = FALSE
	EndGlobalSection
	GlobalSection(NestedProjects) = preSolution
		{BE31A912-9B89-41D5-A4F3-9B65D8BD3553} = {01049369-4FD0-43FF-ABE9-4CD2F273DF6F}
		{0EF76EAE-D24B-4F8E-B4AB-F0D43E17FE71} = {01049369-4FD0-43FF-ABE9-4CD2F273DF6F}
		{C2018DDB-CE76-4EDB-8650-EB4153B4F391} = {0EF76EAE-D24B-4F8E-B4AB-F0D43E17FE71}
		{61C00073-DCA8-4D88-9777-9CC4CD7DA713} = {0EF76EAE-D24B-4F8E-B4AB-F0D43E17FE71}
		{B0D36E83-1373-4F1D-9166-24FE2CD24DCA} = {0EF76EAE-D24B-4F8E-B4AB-F0D43E17FE71}
		{019F8CEF-B33B-4C69-9122-43AE3FC57068} = {0EF76EAE-D24B-4F8E-B4AB-F0D43E17FE71}
		{3B4581A2-D4FA-4C6F-8194-620D8DA8A617} = {0EF76EAE-D24B-4F8E-B4AB-F0D43E17FE71}
		{ABF326C9-A90B-4305-9DDE-4BFAAFA74F64} = {0EF76EAE-D24B-4F8E-B4AB-F0D43E17FE71}
		{C7237005-78AC-4953-8347-50C4AC78BA28} = {0EF76EAE-D24B-4F8E-B4AB-F0D43E17FE71}
		{88866804-7CA5-412F-893F-3DDF0871D6E6} = {0EF76EAE-D24B-4F8E-B4AB-F0D43E17FE71}
		{A8279E19-F825-4E34-BB0E-D5A66076EFDE} = {0EF76EAE-D24B-4F8E-B4AB-F0D43E17FE71}
		{236C19D0-2D7D-4F05-B915-A4EEE892B0A7} = {01049369-4FD0-43FF-ABE9-4CD2F273DF6F}
		{74F87CCF-9CC8-498E-B17F-15429C420FAB} = {236C19D0-2D7D-4F05-B915-A4EEE892B0A7}
		{440BAFD5-AD39-49E0-AC2A-E803F9C5A2A5} = {236C19D0-2D7D-4F05-B915-A4EEE892B0A7}
		{B5D014DE-8C67-4763-BB49-776476AC3B2D} = {236C19D0-2D7D-4F05-B915-A4EEE892B0A7}
		{0F9859D5-B29A-4E54-B5A0-67952B0D7BA2} = {236C19D0-2D7D-4F05-B915-A4EEE892B0A7}
		{76873D2C-C05E-4EA5-A997-AA438BB23516} = {01049369-4FD0-43FF-ABE9-4CD2F273DF6F}
		{5504B971-B4E9-406E-87B0-A94895627C29} = {76873D2C-C05E-4EA5-A997-AA438BB23516}
		{3894394A-5D8B-4639-AB3F-6FB803B86A37} = {01049369-4FD0-43FF-ABE9-4CD2F273DF6F}
		{39450BE9-E6E5-45E9-BD64-25EC79697315} = {3894394A-5D8B-4639-AB3F-6FB803B86A37}
		{19E8CF58-342F-4A57-8413-A1D618B238B9} = {3894394A-5D8B-4639-AB3F-6FB803B86A37}
		{CDBCADC1-0D1D-4FB0-B2DA-CCADF5414DA0} = {3894394A-5D8B-4639-AB3F-6FB803B86A37}
		{61864132-7AB3-4C47-ABC6-10A35161CE61} = {3894394A-5D8B-4639-AB3F-6FB803B86A37}
		{8A00C1AC-23EC-4014-84CA-553A3B38D991} = {01049369-4FD0-43FF-ABE9-4CD2F273DF6F}
		{5585D1E1-942E-4153-92D7-1FF65E93421C} = {8A00C1AC-23EC-4014-84CA-553A3B38D991}
		{58831993-3605-45D9-8775-C5DD30B5A7C8} = {8A00C1AC-23EC-4014-84CA-553A3B38D991}
	EndGlobalSection
	GlobalSection(ExtensibilityGlobals) = postSolution
		SolutionGuid = {63B2F242-8654-4FBD-A762-D369E201F590}
	EndGlobalSection
EndGlobal
