
Microsoft Visual Studio Solution File, Format Version 12.00
# Visual Studio 15
VisualStudioVersion = 15.0.27004.2009
MinimumVisualStudioVersion = 10.0.40219.1
Project("{FAE04EC0-301F-11D3-BF4B-00C04F79EFBC}") = "NP.Roxy", "NP.Roxy\NP.Roxy.csproj", "{A8EBD3F9-D0B9-4ACC-A700-27D1914B6922}"
EndProject
Project("{2150E333-8FDC-42A3-9474-1A3956D46DE8}") = "TESTS", "TESTS", "{01049369-4FD0-43FF-ABE9-4CD2F273DF6F}"
EndProject
Project("{FAE04EC0-301F-11D3-BF4B-00C04F79EFBC}") = "TestProj", "TESTS\TestProj\TestProj.csproj", "{BE31A912-9B89-41D5-A4F3-9B65D8BD3553}"
EndProject
Project("{2150E333-8FDC-42A3-9474-1A3956D46DE8}") = "RoxyTests", "RoxyTests", "{0EF76EAE-D24B-4F8E-B4AB-F0D43E17FE71}"
EndProject
Project("{FAE04EC0-301F-11D3-BF4B-00C04F79EFBC}") = "NP.Roxy.Tests.RemovableDataCollectionTest", "TESTS\RoxyTest\NP.Roxy.Tests.RemovableDataCollectionTest\NP.Roxy.Tests.RemovableDataCollectionTest.csproj", "{B0D36E83-1373-4F1D-9166-24FE2CD24DCA}"
EndProject
Project("{FAE04EC0-301F-11D3-BF4B-00C04F79EFBC}") = "NP.Utilities", "NP.Utilities\NP.Utilities.csproj", "{503D6544-570D-4E07-9101-0F574624CB49}"
EndProject
Project("{2150E333-8FDC-42A3-9474-1A3956D46DE8}") = "Demos", "Demos", "{236C19D0-2D7D-4F05-B915-A4EEE892B0A7}"
EndProject
Project("{FAE04EC0-301F-11D3-BF4B-00C04F79EFBC}") = "NP.Roxy.Demos.InterfaceImpl", "TESTS\Demos\NP.Roxy.Demos.InterfaceImpl\NP.Roxy.Demos.InterfaceImpl.csproj", "{74F87CCF-9CC8-498E-B17F-15429C420FAB}"
EndProject
Project("{FAE04EC0-301F-11D3-BF4B-00C04F79EFBC}") = "NP.Roxy.Demos.PropChangedInterfaceImpl", "TESTS\Demos\NP.Roxy.Demos.PropChangedInterfaceImpl\NP.Roxy.Demos.PropChangedInterfaceImpl.csproj", "{440BAFD5-AD39-49E0-AC2A-E803F9C5A2A5}"
EndProject
Project("{FAE04EC0-301F-11D3-BF4B-00C04F79EFBC}") = "NP.Roxy.Demos.Wrappers", "TESTS\Demos\NP.Roxy.Demos.Wrappers\NP.Roxy.Demos.Wrappers.csproj", "{B5D014DE-8C67-4763-BB49-776476AC3B2D}"
EndProject
Project("{FAE04EC0-301F-11D3-BF4B-00C04F79EFBC}") = "NP.Roxy.Demos.EnumToInterface", "TESTS\Demos\NP.Roxy.Demos.EnumToInterface\NP.Roxy.Demos.EnumToInterface.csproj", "{0F9859D5-B29A-4E54-B5A0-67952B0D7BA2}"
EndProject
Project("{2150E333-8FDC-42A3-9474-1A3956D46DE8}") = "Concerns", "Concerns", "{76873D2C-C05E-4EA5-A997-AA438BB23516}"
EndProject
Project("{FAE04EC0-301F-11D3-BF4B-00C04F79EFBC}") = "MultiConcernsRoxyTest", "TESTS\Concerns\MultiConcernsRoxyTest\MultiConcernsRoxyTest.csproj", "{5504B971-B4E9-406E-87B0-A94895627C29}"
EndProject
Project("{2150E333-8FDC-42A3-9474-1A3956D46DE8}") = "StrongTypes", "StrongTypes", "{3894394A-5D8B-4639-AB3F-6FB803B86A37}"
EndProject
Project("{FAE04EC0-301F-11D3-BF4B-00C04F79EFBC}") = "NP.Roxy.StrongTypeEnumTest", "TESTS\StrongTypes\NP.Roxy.StrongTypeEnumTest\NP.Roxy.StrongTypeEnumTest.csproj", "{39450BE9-E6E5-45E9-BD64-25EC79697315}"
EndProject
Project("{FAE04EC0-301F-11D3-BF4B-00C04F79EFBC}") = "NP.Roxy.StrongTypeMethodTest", "TESTS\StrongTypes\NP.Roxy.StrongTypeMethodTest\NP.Roxy.StrongTypeMethodTest.csproj", "{19E8CF58-342F-4A57-8413-A1D618B238B9}"
EndProject
Project("{FAE04EC0-301F-11D3-BF4B-00C04F79EFBC}") = "NP.Roxy.CompositeGetters", "TESTS\StrongTypes\NP.Roxy.CompositeGetters\NP.Roxy.CompositeGetters.csproj", "{CDBCADC1-0D1D-4FB0-B2DA-CCADF5414DA0}"
EndProject
Project("{FAE04EC0-301F-11D3-BF4B-00C04F79EFBC}") = "NP.Roxy.MethodOverloadingTest", "TESTS\StrongTypes\NP.Roxy.MethodOverloadingTest\NP.Roxy.MethodOverloadingTest.csproj", "{61864132-7AB3-4C47-ABC6-10A35161CE61}"
EndProject
Project("{FAE04EC0-301F-11D3-BF4B-00C04F79EFBC}") = "NP.Concepts", "NP.Concepts\NP.Concepts.csproj", "{2EA8D043-51C1-4498-BD74-7F7F75C8739A}"
EndProject
Project("{2150E333-8FDC-42A3-9474-1A3956D46DE8}") = "XUnit", "XUnit", "{41B233D1-E336-4846-95B8-AC817302805F}"
EndProject
Project("{FAE04EC0-301F-11D3-BF4B-00C04F79EFBC}") = "NP.XUnitRoxyTests", "TESTS\XUnit\NP.XUnitRoxyTests.csproj", "{AC1445D0-B374-4E4E-8CDF-B5BE56D680B3}"
EndProject
Global
	GlobalSection(SolutionConfigurationPlatforms) = preSolution
		Debug|Any CPU = Debug|Any CPU
		Release|Any CPU = Release|Any CPU
	EndGlobalSection
	GlobalSection(ProjectConfigurationPlatforms) = postSolution
		{A8EBD3F9-D0B9-4ACC-A700-27D1914B6922}.Debug|Any CPU.ActiveCfg = Debug|Any CPU
		{A8EBD3F9-D0B9-4ACC-A700-27D1914B6922}.Debug|Any CPU.Build.0 = Debug|Any CPU
		{A8EBD3F9-D0B9-4ACC-A700-27D1914B6922}.Release|Any CPU.ActiveCfg = Release|Any CPU
		{A8EBD3F9-D0B9-4ACC-A700-27D1914B6922}.Release|Any CPU.Build.0 = Release|Any CPU
		{BE31A912-9B89-41D5-A4F3-9B65D8BD3553}.Debug|Any CPU.ActiveCfg = Debug|Any CPU
		{BE31A912-9B89-41D5-A4F3-9B65D8BD3553}.Debug|Any CPU.Build.0 = Debug|Any CPU
		{BE31A912-9B89-41D5-A4F3-9B65D8BD3553}.Release|Any CPU.ActiveCfg = Release|Any CPU
		{BE31A912-9B89-41D5-A4F3-9B65D8BD3553}.Release|Any CPU.Build.0 = Release|Any CPU
		{B0D36E83-1373-4F1D-9166-24FE2CD24DCA}.Debug|Any CPU.ActiveCfg = Debug|Any CPU
		{B0D36E83-1373-4F1D-9166-24FE2CD24DCA}.Debug|Any CPU.Build.0 = Debug|Any CPU
		{B0D36E83-1373-4F1D-9166-24FE2CD24DCA}.Release|Any CPU.ActiveCfg = Release|Any CPU
		{B0D36E83-1373-4F1D-9166-24FE2CD24DCA}.Release|Any CPU.Build.0 = Release|Any CPU
		{503D6544-570D-4E07-9101-0F574624CB49}.Debug|Any CPU.ActiveCfg = Debug|Any CPU
		{503D6544-570D-4E07-9101-0F574624CB49}.Debug|Any CPU.Build.0 = Debug|Any CPU
		{503D6544-570D-4E07-9101-0F574624CB49}.Release|Any CPU.ActiveCfg = Release|Any CPU
		{503D6544-570D-4E07-9101-0F574624CB49}.Release|Any CPU.Build.0 = Release|Any CPU
		{74F87CCF-9CC8-498E-B17F-15429C420FAB}.Debug|Any CPU.ActiveCfg = Debug|Any CPU
		{74F87CCF-9CC8-498E-B17F-15429C420FAB}.Debug|Any CPU.Build.0 = Debug|Any CPU
		{74F87CCF-9CC8-498E-B17F-15429C420FAB}.Release|Any CPU.ActiveCfg = Release|Any CPU
		{74F87CCF-9CC8-498E-B17F-15429C420FAB}.Release|Any CPU.Build.0 = Release|Any CPU
		{440BAFD5-AD39-49E0-AC2A-E803F9C5A2A5}.Debug|Any CPU.ActiveCfg = Debug|Any CPU
		{440BAFD5-AD39-49E0-AC2A-E803F9C5A2A5}.Debug|Any CPU.Build.0 = Debug|Any CPU
		{440BAFD5-AD39-49E0-AC2A-E803F9C5A2A5}.Release|Any CPU.ActiveCfg = Release|Any CPU
		{440BAFD5-AD39-49E0-AC2A-E803F9C5A2A5}.Release|Any CPU.Build.0 = Release|Any CPU
		{B5D014DE-8C67-4763-BB49-776476AC3B2D}.Debug|Any CPU.ActiveCfg = Debug|Any CPU
		{B5D014DE-8C67-4763-BB49-776476AC3B2D}.Debug|Any CPU.Build.0 = Debug|Any CPU
		{B5D014DE-8C67-4763-BB49-776476AC3B2D}.Release|Any CPU.ActiveCfg = Release|Any CPU
		{B5D014DE-8C67-4763-BB49-776476AC3B2D}.Release|Any CPU.Build.0 = Release|Any CPU
		{0F9859D5-B29A-4E54-B5A0-67952B0D7BA2}.Debug|Any CPU.ActiveCfg = Debug|Any CPU
		{0F9859D5-B29A-4E54-B5A0-67952B0D7BA2}.Debug|Any CPU.Build.0 = Debug|Any CPU
		{0F9859D5-B29A-4E54-B5A0-67952B0D7BA2}.Release|Any CPU.ActiveCfg = Release|Any CPU
		{0F9859D5-B29A-4E54-B5A0-67952B0D7BA2}.Release|Any CPU.Build.0 = Release|Any CPU
		{5504B971-B4E9-406E-87B0-A94895627C29}.Debug|Any CPU.ActiveCfg = Debug|Any CPU
		{5504B971-B4E9-406E-87B0-A94895627C29}.Debug|Any CPU.Build.0 = Debug|Any CPU
		{5504B971-B4E9-406E-87B0-A94895627C29}.Release|Any CPU.ActiveCfg = Release|Any CPU
		{5504B971-B4E9-406E-87B0-A94895627C29}.Release|Any CPU.Build.0 = Release|Any CPU
		{39450BE9-E6E5-45E9-BD64-25EC79697315}.Debug|Any CPU.ActiveCfg = Debug|Any CPU
		{39450BE9-E6E5-45E9-BD64-25EC79697315}.Debug|Any CPU.Build.0 = Debug|Any CPU
		{39450BE9-E6E5-45E9-BD64-25EC79697315}.Release|Any CPU.ActiveCfg = Release|Any CPU
		{39450BE9-E6E5-45E9-BD64-25EC79697315}.Release|Any CPU.Build.0 = Release|Any CPU
		{19E8CF58-342F-4A57-8413-A1D618B238B9}.Debug|Any CPU.ActiveCfg = Debug|Any CPU
		{19E8CF58-342F-4A57-8413-A1D618B238B9}.Debug|Any CPU.Build.0 = Debug|Any CPU
		{19E8CF58-342F-4A57-8413-A1D618B238B9}.Release|Any CPU.ActiveCfg = Release|Any CPU
		{19E8CF58-342F-4A57-8413-A1D618B238B9}.Release|Any CPU.Build.0 = Release|Any CPU
		{CDBCADC1-0D1D-4FB0-B2DA-CCADF5414DA0}.Debug|Any CPU.ActiveCfg = Debug|Any CPU
		{CDBCADC1-0D1D-4FB0-B2DA-CCADF5414DA0}.Debug|Any CPU.Build.0 = Debug|Any CPU
		{CDBCADC1-0D1D-4FB0-B2DA-CCADF5414DA0}.Release|Any CPU.ActiveCfg = Release|Any CPU
		{CDBCADC1-0D1D-4FB0-B2DA-CCADF5414DA0}.Release|Any CPU.Build.0 = Release|Any CPU
		{61864132-7AB3-4C47-ABC6-10A35161CE61}.Debug|Any CPU.ActiveCfg = Debug|Any CPU
		{61864132-7AB3-4C47-ABC6-10A35161CE61}.Debug|Any CPU.Build.0 = Debug|Any CPU
		{61864132-7AB3-4C47-ABC6-10A35161CE61}.Release|Any CPU.ActiveCfg = Release|Any CPU
		{61864132-7AB3-4C47-ABC6-10A35161CE61}.Release|Any CPU.Build.0 = Release|Any CPU
		{2EA8D043-51C1-4498-BD74-7F7F75C8739A}.Debug|Any CPU.ActiveCfg = Debug|Any CPU
		{2EA8D043-51C1-4498-BD74-7F7F75C8739A}.Debug|Any CPU.Build.0 = Debug|Any CPU
		{2EA8D043-51C1-4498-BD74-7F7F75C8739A}.Release|Any CPU.ActiveCfg = Release|Any CPU
		{2EA8D043-51C1-4498-BD74-7F7F75C8739A}.Release|Any CPU.Build.0 = Release|Any CPU
		{AC1445D0-B374-4E4E-8CDF-B5BE56D680B3}.Debug|Any CPU.ActiveCfg = Debug|Any CPU
		{AC1445D0-B374-4E4E-8CDF-B5BE56D680B3}.Debug|Any CPU.Build.0 = Debug|Any CPU
		{AC1445D0-B374-4E4E-8CDF-B5BE56D680B3}.Release|Any CPU.ActiveCfg = Release|Any CPU
		{AC1445D0-B374-4E4E-8CDF-B5BE56D680B3}.Release|Any CPU.Build.0 = Release|Any CPU
	EndGlobalSection
	GlobalSection(SolutionProperties) = preSolution
		HideSolutionNode = FALSE
	EndGlobalSection
	GlobalSection(NestedProjects) = preSolution
		{BE31A912-9B89-41D5-A4F3-9B65D8BD3553} = {01049369-4FD0-43FF-ABE9-4CD2F273DF6F}
		{0EF76EAE-D24B-4F8E-B4AB-F0D43E17FE71} = {01049369-4FD0-43FF-ABE9-4CD2F273DF6F}
		{B0D36E83-1373-4F1D-9166-24FE2CD24DCA} = {0EF76EAE-D24B-4F8E-B4AB-F0D43E17FE71}
		{236C19D0-2D7D-4F05-B915-A4EEE892B0A7} = {01049369-4FD0-43FF-ABE9-4CD2F273DF6F}
		{74F87CCF-9CC8-498E-B17F-15429C420FAB} = {236C19D0-2D7D-4F05-B915-A4EEE892B0A7}
		{440BAFD5-AD39-49E0-AC2A-E803F9C5A2A5} = {236C19D0-2D7D-4F05-B915-A4EEE892B0A7}
		{B5D014DE-8C67-4763-BB49-776476AC3B2D} = {236C19D0-2D7D-4F05-B915-A4EEE892B0A7}
		{0F9859D5-B29A-4E54-B5A0-67952B0D7BA2} = {236C19D0-2D7D-4F05-B915-A4EEE892B0A7}
		{76873D2C-C05E-4EA5-A997-AA438BB23516} = {01049369-4FD0-43FF-ABE9-4CD2F273DF6F}
		{5504B971-B4E9-406E-87B0-A94895627C29} = {76873D2C-C05E-4EA5-A997-AA438BB23516}
		{3894394A-5D8B-4639-AB3F-6FB803B86A37} = {01049369-4FD0-43FF-ABE9-4CD2F273DF6F}
		{39450BE9-E6E5-45E9-BD64-25EC79697315} = {3894394A-5D8B-4639-AB3F-6FB803B86A37}
		{19E8CF58-342F-4A57-8413-A1D618B238B9} = {3894394A-5D8B-4639-AB3F-6FB803B86A37}
		{CDBCADC1-0D1D-4FB0-B2DA-CCADF5414DA0} = {3894394A-5D8B-4639-AB3F-6FB803B86A37}
		{61864132-7AB3-4C47-ABC6-10A35161CE61} = {3894394A-5D8B-4639-AB3F-6FB803B86A37}
		{41B233D1-E336-4846-95B8-AC817302805F} = {01049369-4FD0-43FF-ABE9-4CD2F273DF6F}
		{AC1445D0-B374-4E4E-8CDF-B5BE56D680B3} = {41B233D1-E336-4846-95B8-AC817302805F}
	EndGlobalSection
	GlobalSection(ExtensibilityGlobals) = postSolution
		SolutionGuid = {63B2F242-8654-4FBD-A762-D369E201F590}
	EndGlobalSection
EndGlobal
