
Microsoft Visual Studio Solution File, Format Version 12.00
# Visual Studio 15
VisualStudioVersion = 15.0.27004.2009
MinimumVisualStudioVersion = 10.0.40219.1
Project("{FAE04EC0-301F-11D3-BF4B-00C04F79EFBC}") = "NP.Roxy", "NP.Roxy\NP.Roxy.csproj", "{A8EBD3F9-D0B9-4ACC-A700-27D1914B6922}"
EndProject
Project("{2150E333-8FDC-42A3-9474-1A3956D46DE8}") = "TESTS", "TESTS", "{01049369-4FD0-43FF-ABE9-4CD2F273DF6F}"
EndProject
Project("{FAE04EC0-301F-11D3-BF4B-00C04F79EFBC}") = "TestProj", "TESTS\TestProj\TestProj.csproj", "{BE31A912-9B89-41D5-A4F3-9B65D8BD3553}"
EndProject
Project("{2150E333-8FDC-42A3-9474-1A3956D46DE8}") = "RoxyTests", "RoxyTests", "{0EF76EAE-D24B-4F8E-B4AB-F0D43E17FE71}"
EndProject
Project("{FAE04EC0-301F-11D3-BF4B-00C04F79EFBC}") = "NP.Roxy.Tests.RemovableDataCollectionTest", "TESTS\RoxyTest\NP.Roxy.Tests.RemovableDataCollectionTest\NP.Roxy.Tests.RemovableDataCollectionTest.csproj", "{B0D36E83-1373-4F1D-9166-24FE2CD24DCA}"
EndProject
Project("{FAE04EC0-301F-11D3-BF4B-00C04F79EFBC}") = "NP.Utilities", "NP.Utilities\NP.Utilities.csproj", "{503D6544-570D-4E07-9101-0F574624CB49}"
EndProject
Project("{2150E333-8FDC-42A3-9474-1A3956D46DE8}") = "Concerns", "Concerns", "{76873D2C-C05E-4EA5-A997-AA438BB23516}"
EndProject
Project("{FAE04EC0-301F-11D3-BF4B-00C04F79EFBC}") = "MultiConcernsRoxyTest", "TESTS\Concerns\MultiConcernsRoxyTest\MultiConcernsRoxyTest.csproj", "{5504B971-B4E9-406E-87B0-A94895627C29}"
EndProject
Project("{FAE04EC0-301F-11D3-BF4B-00C04F79EFBC}") = "NP.Concepts", "NP.Concepts\NP.Concepts.csproj", "{2EA8D043-51C1-4498-BD74-7F7F75C8739A}"
EndProject
Project("{2150E333-8FDC-42A3-9474-1A3956D46DE8}") = "XUnit", "XUnit", "{41B233D1-E336-4846-95B8-AC817302805F}"
EndProject
Project("{FAE04EC0-301F-11D3-BF4B-00C04F79EFBC}") = "NP.XUnitRoxyTests", "TESTS\XUnit\NP.XUnitRoxyTests.csproj", "{AC1445D0-B374-4E4E-8CDF-B5BE56D680B3}"
EndProject
Project("{FAE04EC0-301F-11D3-BF4B-00C04F79EFBC}") = "NP.IoCy", "NP.IoCy\NP.IoCy.csproj", "{983ACD27-CD73-4F53-9E52-8F31436CA9A2}"
EndProject
Project("{2150E333-8FDC-42A3-9474-1A3956D46DE8}") = "Attrs", "Attrs", "{87EEDE13-8107-420A-B054-97E8F9B84B27}"
EndProject
Project("{FAE04EC0-301F-11D3-BF4B-00C04F79EFBC}") = "NP.XUnitAttrRoxyTests", "TESTS\Attrs\NP.XUnitAttrRoxyTests\NP.XUnitAttrRoxyTests.csproj", "{2FFB0681-084C-4B3E-88CC-731686A4137D}"
EndProject
Global
	GlobalSection(SolutionConfigurationPlatforms) = preSolution
		Debug|Any CPU = Debug|Any CPU
		Release|Any CPU = Release|Any CPU
	EndGlobalSection
	GlobalSection(ProjectConfigurationPlatforms) = postSolution
		{A8EBD3F9-D0B9-4ACC-A700-27D1914B6922}.Debug|Any CPU.ActiveCfg = Debug|Any CPU
		{A8EBD3F9-D0B9-4ACC-A700-27D1914B6922}.Debug|Any CPU.Build.0 = Debug|Any CPU
		{A8EBD3F9-D0B9-4ACC-A700-27D1914B6922}.Release|Any CPU.ActiveCfg = Release|Any CPU
		{A8EBD3F9-D0B9-4ACC-A700-27D1914B6922}.Release|Any CPU.Build.0 = Release|Any CPU
		{BE31A912-9B89-41D5-A4F3-9B65D8BD3553}.Debug|Any CPU.ActiveCfg = Debug|Any CPU
		{BE31A912-9B89-41D5-A4F3-9B65D8BD3553}.Debug|Any CPU.Build.0 = Debug|Any CPU
		{BE31A912-9B89-41D5-A4F3-9B65D8BD3553}.Release|Any CPU.ActiveCfg = Release|Any CPU
		{BE31A912-9B89-41D5-A4F3-9B65D8BD3553}.Release|Any CPU.Build.0 = Release|Any CPU
		{B0D36E83-1373-4F1D-9166-24FE2CD24DCA}.Debug|Any CPU.ActiveCfg = Debug|Any CPU
		{B0D36E83-1373-4F1D-9166-24FE2CD24DCA}.Debug|Any CPU.Build.0 = Debug|Any CPU
		{B0D36E83-1373-4F1D-9166-24FE2CD24DCA}.Release|Any CPU.ActiveCfg = Release|Any CPU
		{B0D36E83-1373-4F1D-9166-24FE2CD24DCA}.Release|Any CPU.Build.0 = Release|Any CPU
		{503D6544-570D-4E07-9101-0F574624CB49}.Debug|Any CPU.ActiveCfg = Debug|Any CPU
		{503D6544-570D-4E07-9101-0F574624CB49}.Debug|Any CPU.Build.0 = Debug|Any CPU
		{503D6544-570D-4E07-9101-0F574624CB49}.Release|Any CPU.ActiveCfg = Release|Any CPU
		{503D6544-570D-4E07-9101-0F574624CB49}.Release|Any CPU.Build.0 = Release|Any CPU
		{5504B971-B4E9-406E-87B0-A94895627C29}.Debug|Any CPU.ActiveCfg = Debug|Any CPU
		{5504B971-B4E9-406E-87B0-A94895627C29}.Debug|Any CPU.Build.0 = Debug|Any CPU
		{5504B971-B4E9-406E-87B0-A94895627C29}.Release|Any CPU.ActiveCfg = Release|Any CPU
		{5504B971-B4E9-406E-87B0-A94895627C29}.Release|Any CPU.Build.0 = Release|Any CPU
		{2EA8D043-51C1-4498-BD74-7F7F75C8739A}.Debug|Any CPU.ActiveCfg = Debug|Any CPU
		{2EA8D043-51C1-4498-BD74-7F7F75C8739A}.Debug|Any CPU.Build.0 = Debug|Any CPU
		{2EA8D043-51C1-4498-BD74-7F7F75C8739A}.Release|Any CPU.ActiveCfg = Release|Any CPU
		{2EA8D043-51C1-4498-BD74-7F7F75C8739A}.Release|Any CPU.Build.0 = Release|Any CPU
		{AC1445D0-B374-4E4E-8CDF-B5BE56D680B3}.Debug|Any CPU.ActiveCfg = Debug|Any CPU
		{AC1445D0-B374-4E4E-8CDF-B5BE56D680B3}.Debug|Any CPU.Build.0 = Debug|Any CPU
		{AC1445D0-B374-4E4E-8CDF-B5BE56D680B3}.Release|Any CPU.ActiveCfg = Release|Any CPU
		{AC1445D0-B374-4E4E-8CDF-B5BE56D680B3}.Release|Any CPU.Build.0 = Release|Any CPU
		{983ACD27-CD73-4F53-9E52-8F31436CA9A2}.Debug|Any CPU.ActiveCfg = Debug|Any CPU
		{983ACD27-CD73-4F53-9E52-8F31436CA9A2}.Debug|Any CPU.Build.0 = Debug|Any CPU
		{983ACD27-CD73-4F53-9E52-8F31436CA9A2}.Release|Any CPU.ActiveCfg = Release|Any CPU
		{983ACD27-CD73-4F53-9E52-8F31436CA9A2}.Release|Any CPU.Build.0 = Release|Any CPU
		{2FFB0681-084C-4B3E-88CC-731686A4137D}.Debug|Any CPU.ActiveCfg = Debug|Any CPU
		{2FFB0681-084C-4B3E-88CC-731686A4137D}.Debug|Any CPU.Build.0 = Debug|Any CPU
		{2FFB0681-084C-4B3E-88CC-731686A4137D}.Release|Any CPU.ActiveCfg = Release|Any CPU
		{2FFB0681-084C-4B3E-88CC-731686A4137D}.Release|Any CPU.Build.0 = Release|Any CPU
	EndGlobalSection
	GlobalSection(SolutionProperties) = preSolution
		HideSolutionNode = FALSE
	EndGlobalSection
	GlobalSection(NestedProjects) = preSolution
		{BE31A912-9B89-41D5-A4F3-9B65D8BD3553} = {01049369-4FD0-43FF-ABE9-4CD2F273DF6F}
		{0EF76EAE-D24B-4F8E-B4AB-F0D43E17FE71} = {01049369-4FD0-43FF-ABE9-4CD2F273DF6F}
		{B0D36E83-1373-4F1D-9166-24FE2CD24DCA} = {0EF76EAE-D24B-4F8E-B4AB-F0D43E17FE71}
		{76873D2C-C05E-4EA5-A997-AA438BB23516} = {01049369-4FD0-43FF-ABE9-4CD2F273DF6F}
		{5504B971-B4E9-406E-87B0-A94895627C29} = {76873D2C-C05E-4EA5-A997-AA438BB23516}
		{41B233D1-E336-4846-95B8-AC817302805F} = {01049369-4FD0-43FF-ABE9-4CD2F273DF6F}
		{AC1445D0-B374-4E4E-8CDF-B5BE56D680B3} = {41B233D1-E336-4846-95B8-AC817302805F}
		{87EEDE13-8107-420A-B054-97E8F9B84B27} = {41B233D1-E336-4846-95B8-AC817302805F}
		{2FFB0681-084C-4B3E-88CC-731686A4137D} = {87EEDE13-8107-420A-B054-97E8F9B84B27}
	EndGlobalSection
	GlobalSection(ExtensibilityGlobals) = postSolution
		SolutionGuid = {63B2F242-8654-4FBD-A762-D369E201F590}
	EndGlobalSection
EndGlobal
